{
  "name": "ktfmt",
  "version": "0.56.0",
  "lockfileVersion": 3,
  "requires": true,
  "packages": {
    "": {
      "name": "ktfmt",
      "version": "0.56.0",
      "cpu": [
        "x64",
        "arm64",
        "ia32"
      ],
      "hasInstallScript": true,
      "license": "Apache-2.0",
      "os": [
        "darwin",
        "linux",
        "win32"
      ],
      "bin": {
        "ktfmt": "bin/ktfmt"
      },
      "devDependencies": {},
      "engines": {
        "node": ">=10.0.0"
      }
    }
  }
}
